// !$*UTF8*$!
{
	archiveVersion = 1;
	classes = {
	};
	objectVersion = 46;
	objects = {

/* Begin PBXBuildFile section */
		D6A82DC11F501C8E0010DF08 /* AppDelegate.m in Sources */ = {isa = PBXBuildFile; fileRef = D6A82DC01F501C8E0010DF08 /* AppDelegate.m */; };
		D6A82DC41F501C8E0010DF08 /* main.m in Sources */ = {isa = PBXBuildFile; fileRef = D6A82DC31F501C8E0010DF08 /* main.m */; };
		D6A82DC91F501C8E0010DF08 /* Assets.xcassets in Resources */ = {isa = PBXBuildFile; fileRef = D6A82DC81F501C8E0010DF08 /* Assets.xcassets */; };
		D6A82DD41F501D1F0010DF08 /* MainMenu.xib in Resources */ = {isa = PBXBuildFile; fileRef = D6A82DD31F501D1F0010DF08 /* MainMenu.xib */; };
		F402827560ECDF4C0AB2A5EC /* libPods-iTunesBackupExtractor.a in Frameworks */ = {isa = PBXBuildFile; fileRef = 804B7DB7ADFDB6DE01ACFE72 /* libPods-iTunesBackupExtractor.a */; };
/* End PBXBuildFile section */

/* Begin PBXFileReference section */
		7C5E4DCD6DFCB8E81530128B /* Pods-iTunesBackupExtractor.release.xcconfig */ = {isa = PBXFileReference; includeInIndex = 1; lastKnownFileType = text.xcconfig; name = "Pods-iTunesBackupExtractor.release.xcconfig"; path = "../Pods/Target Support Files/Pods-iTunesBackupExtractor/Pods-iTunesBackupExtractor.release.xcconfig"; sourceTree = "<group>"; };
		804B7DB7ADFDB6DE01ACFE72 /* libPods-iTunesBackupExtractor.a */ = {isa = PBXFileReference; explicitFileType = archive.ar; includeInIndex = 0; path = "libPods-iTunesBackupExtractor.a"; sourceTree = BUILT_PRODUCTS_DIR; };
		9EE305F789A0839C8F3BC6BC /* Pods-iTunesBackupExtractor.debug.xcconfig */ = {isa = PBXFileReference; includeInIndex = 1; lastKnownFileType = text.xcconfig; name = "Pods-iTunesBackupExtractor.debug.xcconfig"; path = "../Pods/Target Support Files/Pods-iTunesBackupExtractor/Pods-iTunesBackupExtractor.debug.xcconfig"; sourceTree = "<group>"; };
		D6A82DBC1F501C8E0010DF08 /* iTunesBackupExtractor.app */ = {isa = PBXFileReference; explicitFileType = wrapper.application; includeInIndex = 0; path = iTunesBackupExtractor.app; sourceTree = BUILT_PRODUCTS_DIR; };
		D6A82DBF1F501C8E0010DF08 /* AppDelegate.h */ = {isa = PBXFileReference; lastKnownFileType = sourcecode.c.h; path = AppDelegate.h; sourceTree = "<group>"; };
		D6A82DC01F501C8E0010DF08 /* AppDelegate.m */ = {isa = PBXFileReference; lastKnownFileType = sourcecode.c.objc; path = AppDelegate.m; sourceTree = "<group>"; };
		D6A82DC31F501C8E0010DF08 /* main.m */ = {isa = PBXFileReference; lastKnownFileType = sourcecode.c.objc; path = main.m; sourceTree = "<group>"; };
		D6A82DC81F501C8E0010DF08 /* Assets.xcassets */ = {isa = PBXFileReference; lastKnownFileType = folder.assetcatalog; path = Assets.xcassets; sourceTree = "<group>"; };
		D6A82DCD1F501C8E0010DF08 /* Info.plist */ = {isa = PBXFileReference; lastKnownFileType = text.plist.xml; path = Info.plist; sourceTree = "<group>"; };
		D6A82DD31F501D1F0010DF08 /* MainMenu.xib */ = {isa = PBXFileReference; fileEncoding = 4; lastKnownFileType = file.xib; path = MainMenu.xib; sourceTree = "<group>"; };
/* End PBXFileReference section */

/* Begin PBXFrameworksBuildPhase section */
		D6A82DB91F501C8E0010DF08 /* Frameworks */ = {
			isa = PBXFrameworksBuildPhase;
			buildActionMask = 2147483647;
			files = (
				F402827560ECDF4C0AB2A5EC /* libPods-iTunesBackupExtractor.a in Frameworks */,
			);
			runOnlyForDeploymentPostprocessing = 0;
		};
/* End PBXFrameworksBuildPhase section */

/* Begin PBXGroup section */
		1026011BA756B28CA9C25588 /* Frameworks */ = {
			isa = PBXGroup;
			children = (
				804B7DB7ADFDB6DE01ACFE72 /* libPods-iTunesBackupExtractor.a */,
			);
			name = Frameworks;
			sourceTree = "<group>";
		};
		7D12F08F6AC845311490757D /* Pods */ = {
			isa = PBXGroup;
			children = (
				9EE305F789A0839C8F3BC6BC /* Pods-iTunesBackupExtractor.debug.xcconfig */,
				7C5E4DCD6DFCB8E81530128B /* Pods-iTunesBackupExtractor.release.xcconfig */,
			);
			name = Pods;
			sourceTree = "<group>";
		};
		D6A82DB31F501C8E0010DF08 = {
			isa = PBXGroup;
			children = (
				D6A82DBE1F501C8E0010DF08 /* iTunesBackupExtractor */,
				D6A82DBD1F501C8E0010DF08 /* Products */,
				7D12F08F6AC845311490757D /* Pods */,
				1026011BA756B28CA9C25588 /* Frameworks */,
			);
			sourceTree = "<group>";
		};
		D6A82DBD1F501C8E0010DF08 /* Products */ = {
			isa = PBXGroup;
			children = (
				D6A82DBC1F501C8E0010DF08 /* iTunesBackupExtractor.app */,
			);
			name = Products;
			sourceTree = "<group>";
		};
		D6A82DBE1F501C8E0010DF08 /* iTunesBackupExtractor */ = {
			isa = PBXGroup;
			children = (
				D6A82DBF1F501C8E0010DF08 /* AppDelegate.h */,
				D6A82DC01F501C8E0010DF08 /* AppDelegate.m */,
				D6A82DC81F501C8E0010DF08 /* Assets.xcassets */,
				D6A82DCD1F501C8E0010DF08 /* Info.plist */,
				D6A82DC21F501C8E0010DF08 /* Supporting Files */,
				D6A82DD31F501D1F0010DF08 /* MainMenu.xib */,
			);
			path = iTunesBackupExtractor;
			sourceTree = "<group>";
		};
		D6A82DC21F501C8E0010DF08 /* Supporting Files */ = {
			isa = PBXGroup;
			children = (
				D6A82DC31F501C8E0010DF08 /* main.m */,
			);
			name = "Supporting Files";
			sourceTree = "<group>";
		};
/* End PBXGroup section */

/* Begin PBXNativeTarget section */
		D6A82DBB1F501C8E0010DF08 /* iTunesBackupExtractor */ = {
			isa = PBXNativeTarget;
			buildConfigurationList = D6A82DD01F501C8E0010DF08 /* Build configuration list for PBXNativeTarget "iTunesBackupExtractor" */;
			buildPhases = (
				05842CAC59FB5844901FBD54 /* [CP] Check Pods Manifest.lock */,
				D6A82DB81F501C8E0010DF08 /* Sources */,
				D6A82DB91F501C8E0010DF08 /* Frameworks */,
				D6A82DBA1F501C8E0010DF08 /* Resources */,
				402EB3C45B43CD198F757EDC /* [CP] Embed Pods Frameworks */,
				873D44BA4965AD8E1F9A43C2 /* [CP] Copy Pods Resources */,
			);
			buildRules = (
			);
			dependencies = (
			);
			name = iTunesBackupExtractor;
			productName = iTunesBackupExtractor;
			productReference = D6A82DBC1F501C8E0010DF08 /* iTunesBackupExtractor.app */;
			productType = "com.apple.product-type.application";
		};
/* End PBXNativeTarget section */

/* Begin PBXProject section */
		D6A82DB41F501C8E0010DF08 /* Project object */ = {
			isa = PBXProject;
			attributes = {
				LastUpgradeCheck = 0830;
				ORGANIZATIONNAME = Encoder;
				TargetAttributes = {
					D6A82DBB1F501C8E0010DF08 = {
						CreatedOnToolsVersion = 8.3.3;
						ProvisioningStyle = Automatic;
					};
				};
			};
			buildConfigurationList = D6A82DB71F501C8E0010DF08 /* Build configuration list for PBXProject "iTunesBackupExtractor" */;
			compatibilityVersion = "Xcode 3.2";
			developmentRegion = English;
			hasScannedForEncodings = 0;
			knownRegions = (
				en,
				Base,
			);
			mainGroup = D6A82DB31F501C8E0010DF08;
			productRefGroup = D6A82DBD1F501C8E0010DF08 /* Products */;
			projectDirPath = "";
			projectRoot = "";
			targets = (
				D6A82DBB1F501C8E0010DF08 /* iTunesBackupExtractor */,
			);
		};
/* End PBXProject section */

/* Begin PBXResourcesBuildPhase section */
		D6A82DBA1F501C8E0010DF08 /* Resources */ = {
			isa = PBXResourcesBuildPhase;
			buildActionMask = 2147483647;
			files = (
				D6A82DC91F501C8E0010DF08 /* Assets.xcassets in Resources */,
				D6A82DD41F501D1F0010DF08 /* MainMenu.xib in Resources */,
			);
			runOnlyForDeploymentPostprocessing = 0;
		};
/* End PBXResourcesBuildPhase section */

/* Begin PBXShellScriptBuildPhase section */
		05842CAC59FB5844901FBD54 /* [CP] Check Pods Manifest.lock */ = {
			isa = PBXShellScriptBuildPhase;
			buildActionMask = 2147483647;
			files = (
			);
			inputPaths = (
			);
			name = "[CP] Check Pods Manifest.lock";
			outputPaths = (
			);
			runOnlyForDeploymentPostprocessing = 0;
			shellPath = /bin/sh;
			shellScript = "diff \"${PODS_PODFILE_DIR_PATH}/Podfile.lock\" \"${PODS_ROOT}/Manifest.lock\" > /dev/null\nif [ $? != 0 ] ; then\n    # print error to STDERR\n    echo \"error: The sandbox is not in sync with the Podfile.lock. Run 'pod install' or update your CocoaPods installation.\" >&2\n    exit 1\nfi\n";
			showEnvVarsInLog = 0;
		};
		402EB3C45B43CD198F757EDC /* [CP] Embed Pods Frameworks */ = {
			isa = PBXShellScriptBuildPhase;
			buildActionMask = 2147483647;
			files = (
			);
			inputPaths = (
			);
			name = "[CP] Embed Pods Frameworks";
			outputPaths = (
			);
			runOnlyForDeploymentPostprocessing = 0;
			shellPath = /bin/sh;
			shellScript = "\"${SRCROOT}/../Pods/Target Support Files/Pods-iTunesBackupExtractor/Pods-iTunesBackupExtractor-frameworks.sh\"\n";
			showEnvVarsInLog = 0;
		};
		873D44BA4965AD8E1F9A43C2 /* [CP] Copy Pods Resources */ = {
			isa = PBXShellScriptBuildPhase;
			buildActionMask = 2147483647;
			files = (
			);
			inputPaths = (
			);
			name = "[CP] Copy Pods Resources";
			outputPaths = (
			);
			runOnlyForDeploymentPostprocessing = 0;
			shellPath = /bin/sh;
			shellScript = "\"${SRCROOT}/../Pods/Target Support Files/Pods-iTunesBackupExtractor/Pods-iTunesBackupExtractor-resources.sh\"\n";
			showEnvVarsInLog = 0;
		};
/* End PBXShellScriptBuildPhase section */

/* Begin PBXSourcesBuildPhase section */
		D6A82DB81F501C8E0010DF08 /* Sources */ = {
			isa = PBXSourcesBuildPhase;
			buildActionMask = 2147483647;
			files = (
				D6A82DC41F501C8E0010DF08 /* main.m in Sources */,
				D6A82DC11F501C8E0010DF08 /* AppDelegate.m in Sources */,
			);
			runOnlyForDeploymentPostprocessing = 0;
		};
/* End PBXSourcesBuildPhase section */

/* Begin XCBuildConfiguration section */
		D6A82DCE1F501C8E0010DF08 /* Debug */ = {
			isa = XCBuildConfiguration;
			buildSettings = {
				ALWAYS_SEARCH_USER_PATHS = NO;
				CLANG_ANALYZER_NONNULL = YES;
				CLANG_ANALYZER_NUMBER_OBJECT_CONVERSION = YES_AGGRESSIVE;
				CLANG_CXX_LANGUAGE_STANDARD = "gnu++0x";
				CLANG_CXX_LIBRARY = "libc++";
				CLANG_ENABLE_MODULES = YES;
				CLANG_ENABLE_OBJC_ARC = YES;
				CLANG_WARN_BOOL_CONVERSION = YES;
				CLANG_WARN_CONSTANT_CONVERSION = YES;
				CLANG_WARN_DIRECT_OBJC_ISA_USAGE = YES_ERROR;
				CLANG_WARN_DOCUMENTATION_COMMENTS = YES;
				CLANG_WARN_EMPTY_BODY = YES;
				CLANG_WARN_ENUM_CONVERSION = YES;
				CLANG_WARN_INFINITE_RECURSION = YES;
				CLANG_WARN_INT_CONVERSION = YES;
				CLANG_WARN_OBJC_ROOT_CLASS = YES_ERROR;
				CLANG_WARN_SUSPICIOUS_MOVE = YES;
				CLANG_WARN_UNREACHABLE_CODE = YES;
				CLANG_WARN__DUPLICATE_METHOD_MATCH = YES;
				CODE_SIGN_IDENTITY = "-";
				COPY_PHASE_STRIP = NO;
				DEBUG_INFORMATION_FORMAT = dwarf;
				ENABLE_STRICT_OBJC_MSGSEND = YES;
				ENABLE_TESTABILITY = YES;
				GCC_C_LANGUAGE_STANDARD = gnu99;
				GCC_DYNAMIC_NO_PIC = NO;
				GCC_NO_COMMON_BLOCKS = YES;
				GCC_OPTIMIZATION_LEVEL = 0;
				GCC_PREPROCESSOR_DEFINITIONS = (
					"DEBUG=1",
					"$(inherited)",
				);
				GCC_WARN_64_TO_32_BIT_CONVERSION = YES;
				GCC_WARN_ABOUT_RETURN_TYPE = YES_ERROR;
				GCC_WARN_UNDECLARED_SELECTOR = YES;
				GCC_WARN_UNINITIALIZED_AUTOS = YES_AGGRESSIVE;
				GCC_WARN_UNUSED_FUNCTION = YES;
				GCC_WARN_UNUSED_VARIABLE = YES;
				MACOSX_DEPLOYMENT_TARGET = 10.12;
				MTL_ENABLE_DEBUG_INFO = YES;
				ONLY_ACTIVE_ARCH = YES;
				SDKROOT = macosx;
			};
			name = Debug;
		};
		D6A82DCF1F501C8E0010DF08 /* Release */ = {
			isa = XCBuildConfiguration;
			buildSettings = {
				ALWAYS_SEARCH_USER_PATHS = NO;
				CLANG_ANALYZER_NONNULL = YES;
				CLANG_ANALYZER_NUMBER_OBJECT_CONVERSION = YES_AGGRESSIVE;
				CLANG_CXX_LANGUAGE_STANDARD = "gnu++0x";
				CLANG_CXX_LIBRARY = "libc++";
				CLANG_ENABLE_MODULES = YES;
				CLANG_ENABLE_OBJC_ARC = YES;
				CLANG_WARN_BOOL_CONVERSION = YES;
				CLANG_WARN_CONSTANT_CONVERSION = YES;
				CLANG_WARN_DIRECT_OBJC_ISA_USAGE = YES_ERROR;
				CLANG_WARN_DOCUMENTATION_COMMENTS = YES;
				CLANG_WARN_EMPTY_BODY = YES;
				CLANG_WARN_ENUM_CONVERSION = YES;
				CLANG_WARN_INFINITE_RECURSION = YES;
				CLANG_WARN_INT_CONVERSION = YES;
				CLANG_WARN_OBJC_ROOT_CLASS = YES_ERROR;
				CLANG_WARN_SUSPICIOUS_MOVE = YES;
				CLANG_WARN_UNREACHABLE_CODE = YES;
				CLANG_WARN__DUPLICATE_METHOD_MATCH = YES;
				CODE_SIGN_IDENTITY = "-";
				COPY_PHASE_STRIP = NO;
				DEBUG_INFORMATION_FORMAT = "dwarf-with-dsym";
				ENABLE_NS_ASSERTIONS = NO;
				ENABLE_STRICT_OBJC_MSGSEND = YES;
				GCC_C_LANGUAGE_STANDARD = gnu99;
				GCC_NO_COMMON_BLOCKS = YES;
				GCC_WARN_64_TO_32_BIT_CONVERSION = YES;
				GCC_WARN_ABOUT_RETURN_TYPE = YES_ERROR;
				GCC_WARN_UNDECLARED_SELECTOR = YES;
				GCC_WARN_UNINITIALIZED_AUTOS = YES_AGGRESSIVE;
				GCC_WARN_UNUSED_FUNCTION = YES;
				GCC_WARN_UNUSED_VARIABLE = YES;
				MACOSX_DEPLOYMENT_TARGET = 10.12;
				MTL_ENABLE_DEBUG_INFO = NO;
				SDKROOT = macosx;
			};
			name = Release;
		};
		D6A82DD11F501C8E0010DF08 /* Debug */ = {
			isa = XCBuildConfiguration;
			baseConfigurationReference = 9EE305F789A0839C8F3BC6BC /* Pods-iTunesBackupExtractor.debug.xcconfig */;
			buildSettings = {
				ASSETCATALOG_COMPILER_APPICON_NAME = AppIcon;
				COMBINE_HIDPI_IMAGES = YES;
				INFOPLIST_FILE = iTunesBackupExtractor/Info.plist;
				LD_RUNPATH_SEARCH_PATHS = "$(inherited) @executable_path/../Frameworks";
				PRODUCT_BUNDLE_IDENTIFIER = com.Encoder.iTunesBackupExtractor;
				PRODUCT_NAME = "$(TARGET_NAME)";
			};
			name = Debug;
		};
		D6A82DD21F501C8E0010DF08 /* Release */ = {
			isa = XCBuildConfiguration;
			baseConfigurationReference = 7C5E4DCD6DFCB8E81530128B /* Pods-iTunesBackupExtractor.release.xcconfig */;
			buildSettings = {
				ASSETCATALOG_COMPILER_APPICON_NAME = AppIcon;
				COMBINE_HIDPI_IMAGES = YES;
				INFOPLIST_FILE = iTunesBackupExtractor/Info.plist;
				LD_RUNPATH_SEARCH_PATHS = "$(inherited) @executable_path/../Frameworks";
				PRODUCT_BUNDLE_IDENTIFIER = com.Encoder.iTunesBackupExtractor;
				PRODUCT_NAME = "$(TARGET_NAME)";
			};
			name = Release;
		};
/* End XCBuildConfiguration section */

/* Begin XCConfigurationList section */
		D6A82DB71F501C8E0010DF08 /* Build configuration list for PBXProject "iTunesBackupExtractor" */ = {
			isa = XCConfigurationList;
			buildConfigurations = (
				D6A82DCE1F501C8E0010DF08 /* Debug */,
				D6A82DCF1F501C8E0010DF08 /* Release */,
			);
			defaultConfigurationIsVisible = 0;
			defaultConfigurationName = Release;
		};
		D6A82DD01F501C8E0010DF08 /* Build configuration list for PBXNativeTarget "iTunesBackupExtractor" */ = {
			isa = XCConfigurationList;
			buildConfigurations = (
				D6A82DD11F501C8E0010DF08 /* Debug */,
				D6A82DD21F501C8E0010DF08 /* Release */,
			);
			defaultConfigurationIsVisible = 0;
			defaultConfigurationName = Release;
		};
/* End XCConfigurationList section */
	};
	rootObject = D6A82DB41F501C8E0010DF08 /* Project object */;
}
